// !$*UTF8*$!
{
	archiveVersion = 1;
	classes = {
	};
	objectVersion = 50;
	objects = {

/* Begin PBXBuildFile section */
		0B36D7408F7F3B7315E7A672 /* Pods_TestModalViewController.framework in Frameworks */ = {isa = PBXBuildFile; fileRef = E4A41E29FA4DDB8995BE382B /* Pods_TestModalViewController.framework */; };
		54094F3821EC63B700EBE647 /* NSParagraphStyle+Shortcut.m in Sources */ = {isa = PBXBuildFile; fileRef = 54094F3721EC63B700EBE647 /* NSParagraphStyle+Shortcut.m */; };
		54094F3B21EC63D200EBE647 /* UkeAlertPresentingViewController.m in Sources */ = {isa = PBXBuildFile; fileRef = 54094F3A21EC63D200EBE647 /* UkeAlertPresentingViewController.m */; };
		54094F4121EC72A200EBE647 /* UkeAlertSingleton.m in Sources */ = {isa = PBXBuildFile; fileRef = 54094F4021EC72A200EBE647 /* UkeAlertSingleton.m */; };
		5417911121C7BAE8000D5F7B /* UkeAlertController.m in Sources */ = {isa = PBXBuildFile; fileRef = 5417911021C7BAE8000D5F7B /* UkeAlertController.m */; };
		5417911821C899D8000D5F7B /* UkeAlertAction.m in Sources */ = {isa = PBXBuildFile; fileRef = 5417911721C899D8000D5F7B /* UkeAlertAction.m */; };
		5417911E21C8ECA5000D5F7B /* UkeAlertActionButton.m in Sources */ = {isa = PBXBuildFile; fileRef = 5417911D21C8ECA5000D5F7B /* UkeAlertActionButton.m */; };
		5434CE4421C7E2E800178D31 /* UkeAlertStyleAnimation.m in Sources */ = {isa = PBXBuildFile; fileRef = 5434CE3D21C7E2E800178D31 /* UkeAlertStyleAnimation.m */; };
		5434CE4521C7E2E800178D31 /* UkeActionSheetAnimation.m in Sources */ = {isa = PBXBuildFile; fileRef = 5434CE3E21C7E2E800178D31 /* UkeActionSheetAnimation.m */; };
		5434CE4621C7E2E800178D31 /* UkePopUpViewController.m in Sources */ = {isa = PBXBuildFile; fileRef = 5434CE4221C7E2E800178D31 /* UkePopUpViewController.m */; };
		545C319521D4D6EF00B20236 /* UIView+CornerRadius.m in Sources */ = {isa = PBXBuildFile; fileRef = 545C319321D4D6EE00B20236 /* UIView+CornerRadius.m */; };
		549FC7DF21C39BCE00619693 /* AppDelegate.m in Sources */ = {isa = PBXBuildFile; fileRef = 549FC7DE21C39BCE00619693 /* AppDelegate.m */; };
		549FC7E221C39BCE00619693 /* ViewController.m in Sources */ = {isa = PBXBuildFile; fileRef = 549FC7E121C39BCE00619693 /* ViewController.m */; };
		549FC7E521C39BCE00619693 /* Main.storyboard in Resources */ = {isa = PBXBuildFile; fileRef = 549FC7E321C39BCE00619693 /* Main.storyboard */; };
		549FC7E721C39BD000619693 /* Assets.xcassets in Resources */ = {isa = PBXBuildFile; fileRef = 549FC7E621C39BD000619693 /* Assets.xcassets */; };
		549FC7EA21C39BD000619693 /* LaunchScreen.storyboard in Resources */ = {isa = PBXBuildFile; fileRef = 549FC7E821C39BD000619693 /* LaunchScreen.storyboard */; };
		549FC7ED21C39BD000619693 /* main.m in Sources */ = {isa = PBXBuildFile; fileRef = 549FC7EC21C39BD000619693 /* main.m */; };
		549FC7F721C39BD000619693 /* TestModalViewControllerTests.m in Sources */ = {isa = PBXBuildFile; fileRef = 549FC7F621C39BD000619693 /* TestModalViewControllerTests.m */; };
		549FC80221C39BD000619693 /* TestModalViewControllerUITests.m in Sources */ = {isa = PBXBuildFile; fileRef = 549FC80121C39BD000619693 /* TestModalViewControllerUITests.m */; };
		54B28D7421CDD43B00335FD9 /* UkeAlertActionGroupView.m in Sources */ = {isa = PBXBuildFile; fileRef = 54B28D6D21CDD43A00335FD9 /* UkeAlertActionGroupView.m */; };
		54B28D7521CDD43B00335FD9 /* UkeAlertHeaderView.m in Sources */ = {isa = PBXBuildFile; fileRef = 54B28D6E21CDD43B00335FD9 /* UkeAlertHeaderView.m */; };
		54B28D7621CDD43B00335FD9 /* UkeSheetHeaderView.m in Sources */ = {isa = PBXBuildFile; fileRef = 54B28D7321CDD43B00335FD9 /* UkeSheetHeaderView.m */; };
		54B28D7C21CDD53600335FD9 /* UkeSheetActionGroupView.m in Sources */ = {isa = PBXBuildFile; fileRef = 54B28D7B21CDD53600335FD9 /* UkeSheetActionGroupView.m */; };
		54B28D7F21CDDD1F00335FD9 /* UkeAlertContentView.m in Sources */ = {isa = PBXBuildFile; fileRef = 54B28D7E21CDDD1F00335FD9 /* UkeAlertContentView.m */; };
		54B28D8221CDDD4200335FD9 /* UkeSheetContentView.m in Sources */ = {isa = PBXBuildFile; fileRef = 54B28D8121CDDD4200335FD9 /* UkeSheetContentView.m */; };
		54B6364721D0DE010059F2A9 /* UkeAlertCustomizeHeaderView.m in Sources */ = {isa = PBXBuildFile; fileRef = 54B6364621D0DE010059F2A9 /* UkeAlertCustomizeHeaderView.m */; };
		54B6365121D23F190059F2A9 /* UkeAlertBaseAnimation.m in Sources */ = {isa = PBXBuildFile; fileRef = 54B6365021D23F190059F2A9 /* UkeAlertBaseAnimation.m */; };
		54B6365421D256D70059F2A9 /* ViewController2.m in Sources */ = {isa = PBXBuildFile; fileRef = 54B6365321D256D70059F2A9 /* ViewController2.m */; };
/* End PBXBuildFile section */

/* Begin PBXContainerItemProxy section */
		549FC7F321C39BD000619693 /* PBXContainerItemProxy */ = {
			isa = PBXContainerItemProxy;
			containerPortal = 549FC7D221C39BCE00619693 /* Project object */;
			proxyType = 1;
			remoteGlobalIDString = 549FC7D921C39BCE00619693;
			remoteInfo = TestModalViewController;
		};
		549FC7FE21C39BD000619693 /* PBXContainerItemProxy */ = {
			isa = PBXContainerItemProxy;
			containerPortal = 549FC7D221C39BCE00619693 /* Project object */;
			proxyType = 1;
			remoteGlobalIDString = 549FC7D921C39BCE00619693;
			remoteInfo = TestModalViewController;
		};
/* End PBXContainerItemProxy section */

/* Begin PBXFileReference section */
		0004F1E308EB957B32AE1430 /* Pods-TestModalViewController.release.xcconfig */ = {isa = PBXFileReference; includeInIndex = 1; lastKnownFileType = text.xcconfig; name = "Pods-TestModalViewController.release.xcconfig"; path = "Pods/Target Support Files/Pods-TestModalViewController/Pods-TestModalViewController.release.xcconfig"; sourceTree = "<group>"; };
		54094F3621EC63B700EBE647 /* NSParagraphStyle+Shortcut.h */ = {isa = PBXFileReference; fileEncoding = 4; lastKnownFileType = sourcecode.c.h; path = "NSParagraphStyle+Shortcut.h"; sourceTree = "<group>"; };
		54094F3721EC63B700EBE647 /* NSParagraphStyle+Shortcut.m */ = {isa = PBXFileReference; fileEncoding = 4; lastKnownFileType = sourcecode.c.objc; path = "NSParagraphStyle+Shortcut.m"; sourceTree = "<group>"; };
		54094F3921EC63D200EBE647 /* UkeAlertPresentingViewController.h */ = {isa = PBXFileReference; lastKnownFileType = sourcecode.c.h; path = UkeAlertPresentingViewController.h; sourceTree = "<group>"; };
		54094F3A21EC63D200EBE647 /* UkeAlertPresentingViewController.m */ = {isa = PBXFileReference; lastKnownFileType = sourcecode.c.objc; path = UkeAlertPresentingViewController.m; sourceTree = "<group>"; };
		54094F3F21EC72A200EBE647 /* UkeAlertSingleton.h */ = {isa = PBXFileReference; lastKnownFileType = sourcecode.c.h; path = UkeAlertSingleton.h; sourceTree = "<group>"; };
		54094F4021EC72A200EBE647 /* UkeAlertSingleton.m */ = {isa = PBXFileReference; lastKnownFileType = sourcecode.c.objc; path = UkeAlertSingleton.m; sourceTree = "<group>"; };
		5417910F21C7BAE8000D5F7B /* UkeAlertController.h */ = {isa = PBXFileReference; lastKnownFileType = sourcecode.c.h; path = UkeAlertController.h; sourceTree = "<group>"; };
		5417911021C7BAE8000D5F7B /* UkeAlertController.m */ = {isa = PBXFileReference; lastKnownFileType = sourcecode.c.objc; path = UkeAlertController.m; sourceTree = "<group>"; };
		5417911621C899D8000D5F7B /* UkeAlertAction.h */ = {isa = PBXFileReference; lastKnownFileType = sourcecode.c.h; path = UkeAlertAction.h; sourceTree = "<group>"; };
		5417911721C899D8000D5F7B /* UkeAlertAction.m */ = {isa = PBXFileReference; lastKnownFileType = sourcecode.c.objc; path = UkeAlertAction.m; sourceTree = "<group>"; };
		5417911C21C8ECA5000D5F7B /* UkeAlertActionButton.h */ = {isa = PBXFileReference; lastKnownFileType = sourcecode.c.h; path = UkeAlertActionButton.h; sourceTree = "<group>"; };
		5417911D21C8ECA5000D5F7B /* UkeAlertActionButton.m */ = {isa = PBXFileReference; lastKnownFileType = sourcecode.c.objc; path = UkeAlertActionButton.m; sourceTree = "<group>"; };
		5434CE3D21C7E2E800178D31 /* UkeAlertStyleAnimation.m */ = {isa = PBXFileReference; fileEncoding = 4; lastKnownFileType = sourcecode.c.objc; path = UkeAlertStyleAnimation.m; sourceTree = "<group>"; };
		5434CE3E21C7E2E800178D31 /* UkeActionSheetAnimation.m */ = {isa = PBXFileReference; fileEncoding = 4; lastKnownFileType = sourcecode.c.objc; path = UkeActionSheetAnimation.m; sourceTree = "<group>"; };
		5434CE3F21C7E2E800178D31 /* UkeActionSheetAnimation.h */ = {isa = PBXFileReference; fileEncoding = 4; lastKnownFileType = sourcecode.c.h; path = UkeActionSheetAnimation.h; sourceTree = "<group>"; };
		5434CE4021C7E2E800178D31 /* UkeAlertStyleAnimation.h */ = {isa = PBXFileReference; fileEncoding = 4; lastKnownFileType = sourcecode.c.h; path = UkeAlertStyleAnimation.h; sourceTree = "<group>"; };
		5434CE4221C7E2E800178D31 /* UkePopUpViewController.m */ = {isa = PBXFileReference; fileEncoding = 4; lastKnownFileType = sourcecode.c.objc; path = UkePopUpViewController.m; sourceTree = "<group>"; };
		5434CE4321C7E2E800178D31 /* UkePopUpViewController.h */ = {isa = PBXFileReference; fileEncoding = 4; lastKnownFileType = sourcecode.c.h; path = UkePopUpViewController.h; sourceTree = "<group>"; };
		545C319321D4D6EE00B20236 /* UIView+CornerRadius.m */ = {isa = PBXFileReference; fileEncoding = 4; lastKnownFileType = sourcecode.c.objc; path = "UIView+CornerRadius.m"; sourceTree = "<group>"; };
		545C319421D4D6EE00B20236 /* UIView+CornerRadius.h */ = {isa = PBXFileReference; fileEncoding = 4; lastKnownFileType = sourcecode.c.h; path = "UIView+CornerRadius.h"; sourceTree = "<group>"; };
		549FC7DA21C39BCE00619693 /* TestModalViewController.app */ = {isa = PBXFileReference; explicitFileType = wrapper.application; includeInIndex = 0; path = TestModalViewController.app; sourceTree = BUILT_PRODUCTS_DIR; };
		549FC7DD21C39BCE00619693 /* AppDelegate.h */ = {isa = PBXFileReference; lastKnownFileType = sourcecode.c.h; path = AppDelegate.h; sourceTree = "<group>"; };
		549FC7DE21C39BCE00619693 /* AppDelegate.m */ = {isa = PBXFileReference; lastKnownFileType = sourcecode.c.objc; path = AppDelegate.m; sourceTree = "<group>"; };
		549FC7E021C39BCE00619693 /* ViewController.h */ = {isa = PBXFileReference; lastKnownFileType = sourcecode.c.h; path = ViewController.h; sourceTree = "<group>"; };
		549FC7E121C39BCE00619693 /* ViewController.m */ = {isa = PBXFileReference; lastKnownFileType = sourcecode.c.objc; path = ViewController.m; sourceTree = "<group>"; };
		549FC7E421C39BCE00619693 /* Base */ = {isa = PBXFileReference; lastKnownFileType = file.storyboard; name = Base; path = Base.lproj/Main.storyboard; sourceTree = "<group>"; };
		549FC7E621C39BD000619693 /* Assets.xcassets */ = {isa = PBXFileReference; lastKnownFileType = folder.assetcatalog; path = Assets.xcassets; sourceTree = "<group>"; };
		549FC7E921C39BD000619693 /* Base */ = {isa = PBXFileReference; lastKnownFileType = file.storyboard; name = Base; path = Base.lproj/LaunchScreen.storyboard; sourceTree = "<group>"; };
		549FC7EB21C39BD000619693 /* Info.plist */ = {isa = PBXFileReference; lastKnownFileType = text.plist.xml; path = Info.plist; sourceTree = "<group>"; };
		549FC7EC21C39BD000619693 /* main.m */ = {isa = PBXFileReference; lastKnownFileType = sourcecode.c.objc; path = main.m; sourceTree = "<group>"; };
		549FC7F221C39BD000619693 /* TestModalViewControllerTests.xctest */ = {isa = PBXFileReference; explicitFileType = wrapper.cfbundle; includeInIndex = 0; path = TestModalViewControllerTests.xctest; sourceTree = BUILT_PRODUCTS_DIR; };
		549FC7F621C39BD000619693 /* TestModalViewControllerTests.m */ = {isa = PBXFileReference; lastKnownFileType = sourcecode.c.objc; path = TestModalViewControllerTests.m; sourceTree = "<group>"; };
		549FC7F821C39BD000619693 /* Info.plist */ = {isa = PBXFileReference; lastKnownFileType = text.plist.xml; path = Info.plist; sourceTree = "<group>"; };
		549FC7FD21C39BD000619693 /* TestModalViewControllerUITests.xctest */ = {isa = PBXFileReference; explicitFileType = wrapper.cfbundle; includeInIndex = 0; path = TestModalViewControllerUITests.xctest; sourceTree = BUILT_PRODUCTS_DIR; };
		549FC80121C39BD000619693 /* TestModalViewControllerUITests.m */ = {isa = PBXFileReference; lastKnownFileType = sourcecode.c.objc; path = TestModalViewControllerUITests.m; sourceTree = "<group>"; };
		549FC80321C39BD000619693 /* Info.plist */ = {isa = PBXFileReference; lastKnownFileType = text.plist.xml; path = Info.plist; sourceTree = "<group>"; };
		54B28D6D21CDD43A00335FD9 /* UkeAlertActionGroupView.m */ = {isa = PBXFileReference; fileEncoding = 4; lastKnownFileType = sourcecode.c.objc; path = UkeAlertActionGroupView.m; sourceTree = "<group>"; };
		54B28D6E21CDD43B00335FD9 /* UkeAlertHeaderView.m */ = {isa = PBXFileReference; fileEncoding = 4; lastKnownFileType = sourcecode.c.objc; path = UkeAlertHeaderView.m; sourceTree = "<group>"; };
		54B28D6F21CDD43B00335FD9 /* UkeAlertActionGroupView.h */ = {isa = PBXFileReference; fileEncoding = 4; lastKnownFileType = sourcecode.c.h; path = UkeAlertActionGroupView.h; sourceTree = "<group>"; };
		54B28D7021CDD43B00335FD9 /* UkeAlertHeaderView.h */ = {isa = PBXFileReference; fileEncoding = 4; lastKnownFileType = sourcecode.c.h; path = UkeAlertHeaderView.h; sourceTree = "<group>"; };
		54B28D7221CDD43B00335FD9 /* UkeSheetHeaderView.h */ = {isa = PBXFileReference; fileEncoding = 4; lastKnownFileType = sourcecode.c.h; path = UkeSheetHeaderView.h; sourceTree = "<group>"; };
		54B28D7321CDD43B00335FD9 /* UkeSheetHeaderView.m */ = {isa = PBXFileReference; fileEncoding = 4; lastKnownFileType = sourcecode.c.objc; path = UkeSheetHeaderView.m; sourceTree = "<group>"; };
		54B28D7A21CDD53600335FD9 /* UkeSheetActionGroupView.h */ = {isa = PBXFileReference; lastKnownFileType = sourcecode.c.h; path = UkeSheetActionGroupView.h; sourceTree = "<group>"; };
		54B28D7B21CDD53600335FD9 /* UkeSheetActionGroupView.m */ = {isa = PBXFileReference; lastKnownFileType = sourcecode.c.objc; path = UkeSheetActionGroupView.m; sourceTree = "<group>"; };
		54B28D7D21CDDD1F00335FD9 /* UkeAlertContentView.h */ = {isa = PBXFileReference; fileEncoding = 4; lastKnownFileType = sourcecode.c.h; path = UkeAlertContentView.h; sourceTree = "<group>"; };
		54B28D7E21CDDD1F00335FD9 /* UkeAlertContentView.m */ = {isa = PBXFileReference; fileEncoding = 4; lastKnownFileType = sourcecode.c.objc; path = UkeAlertContentView.m; sourceTree = "<group>"; };
		54B28D8021CDDD4200335FD9 /* UkeSheetContentView.h */ = {isa = PBXFileReference; lastKnownFileType = sourcecode.c.h; path = UkeSheetContentView.h; sourceTree = "<group>"; };
		54B28D8121CDDD4200335FD9 /* UkeSheetContentView.m */ = {isa = PBXFileReference; lastKnownFileType = sourcecode.c.objc; path = UkeSheetContentView.m; sourceTree = "<group>"; };
		54B6364521D0DE010059F2A9 /* UkeAlertCustomizeHeaderView.h */ = {isa = PBXFileReference; lastKnownFileType = sourcecode.c.h; path = UkeAlertCustomizeHeaderView.h; sourceTree = "<group>"; };
		54B6364621D0DE010059F2A9 /* UkeAlertCustomizeHeaderView.m */ = {isa = PBXFileReference; lastKnownFileType = sourcecode.c.objc; path = UkeAlertCustomizeHeaderView.m; sourceTree = "<group>"; };
		54B6364F21D23F190059F2A9 /* UkeAlertBaseAnimation.h */ = {isa = PBXFileReference; lastKnownFileType = sourcecode.c.h; path = UkeAlertBaseAnimation.h; sourceTree = "<group>"; };
		54B6365021D23F190059F2A9 /* UkeAlertBaseAnimation.m */ = {isa = PBXFileReference; lastKnownFileType = sourcecode.c.objc; path = UkeAlertBaseAnimation.m; sourceTree = "<group>"; };
		54B6365221D256D70059F2A9 /* ViewController2.h */ = {isa = PBXFileReference; lastKnownFileType = sourcecode.c.h; path = ViewController2.h; sourceTree = "<group>"; };
		54B6365321D256D70059F2A9 /* ViewController2.m */ = {isa = PBXFileReference; lastKnownFileType = sourcecode.c.objc; path = ViewController2.m; sourceTree = "<group>"; };
		E4A41E29FA4DDB8995BE382B /* Pods_TestModalViewController.framework */ = {isa = PBXFileReference; explicitFileType = wrapper.framework; includeInIndex = 0; path = Pods_TestModalViewController.framework; sourceTree = BUILT_PRODUCTS_DIR; };
		E66E4CA7D6B7452954F053F4 /* Pods-TestModalViewController.debug.xcconfig */ = {isa = PBXFileReference; includeInIndex = 1; lastKnownFileType = text.xcconfig; name = "Pods-TestModalViewController.debug.xcconfig"; path = "Pods/Target Support Files/Pods-TestModalViewController/Pods-TestModalViewController.debug.xcconfig"; sourceTree = "<group>"; };
/* End PBXFileReference section */

/* Begin PBXFrameworksBuildPhase section */
		549FC7D721C39BCE00619693 /* Frameworks */ = {
			isa = PBXFrameworksBuildPhase;
			buildActionMask = 2147483647;
			files = (
				0B36D7408F7F3B7315E7A672 /* Pods_TestModalViewController.framework in Frameworks */,
			);
			runOnlyForDeploymentPostprocessing = 0;
		};
		549FC7EF21C39BD000619693 /* Frameworks */ = {
			isa = PBXFrameworksBuildPhase;
			buildActionMask = 2147483647;
			files = (
			);
			runOnlyForDeploymentPostprocessing = 0;
		};
		549FC7FA21C39BD000619693 /* Frameworks */ = {
			isa = PBXFrameworksBuildPhase;
			buildActionMask = 2147483647;
			files = (
			);
			runOnlyForDeploymentPostprocessing = 0;
		};
/* End PBXFrameworksBuildPhase section */

/* Begin PBXGroup section */
		5137716D7A4ED1661796062F /* Frameworks */ = {
			isa = PBXGroup;
			children = (
				E4A41E29FA4DDB8995BE382B /* Pods_TestModalViewController.framework */,
			);
			name = Frameworks;
			sourceTree = "<group>";
		};
		54094F3521EC636600EBE647 /* Other */ = {
			isa = PBXGroup;
			children = (
				54094F3621EC63B700EBE647 /* NSParagraphStyle+Shortcut.h */,
				54094F3721EC63B700EBE647 /* NSParagraphStyle+Shortcut.m */,
				54094F3921EC63D200EBE647 /* UkeAlertPresentingViewController.h */,
				54094F3A21EC63D200EBE647 /* UkeAlertPresentingViewController.m */,
				54094F3F21EC72A200EBE647 /* UkeAlertSingleton.h */,
				54094F4021EC72A200EBE647 /* UkeAlertSingleton.m */,
			);
			path = Other;
			sourceTree = "<group>";
		};
		541790F821C7464F000D5F7B /* Resource */ = {
			isa = PBXGroup;
			children = (
				5417910F21C7BAE8000D5F7B /* UkeAlertController.h */,
				5417911021C7BAE8000D5F7B /* UkeAlertController.m */,
				5434CE4121C7E2E800178D31 /* Controller */,
				5434CE3C21C7E2E800178D31 /* Animation */,
				5434CE3B21C7E2E800178D31 /* View */,
				5417911521C899C3000D5F7B /* Model */,
				54094F3521EC636600EBE647 /* Other */,
			);
			path = Resource;
			sourceTree = "<group>";
		};
		5417911521C899C3000D5F7B /* Model */ = {
			isa = PBXGroup;
			children = (
				5417911621C899D8000D5F7B /* UkeAlertAction.h */,
				5417911721C899D8000D5F7B /* UkeAlertAction.m */,
			);
			path = Model;
			sourceTree = "<group>";
		};
		5434CE3B21C7E2E800178D31 /* View */ = {
			isa = PBXGroup;
			children = (
				54B28D6C21CDD43A00335FD9 /* Alert */,
				54B28D7121CDD43B00335FD9 /* Sheet */,
				5417911C21C8ECA5000D5F7B /* UkeAlertActionButton.h */,
				5417911D21C8ECA5000D5F7B /* UkeAlertActionButton.m */,
				54B6364521D0DE010059F2A9 /* UkeAlertCustomizeHeaderView.h */,
				54B6364621D0DE010059F2A9 /* UkeAlertCustomizeHeaderView.m */,
			);
			path = View;
			sourceTree = "<group>";
		};
		5434CE3C21C7E2E800178D31 /* Animation */ = {
			isa = PBXGroup;
			children = (
				5434CE4021C7E2E800178D31 /* UkeAlertStyleAnimation.h */,
				5434CE3D21C7E2E800178D31 /* UkeAlertStyleAnimation.m */,
				5434CE3F21C7E2E800178D31 /* UkeActionSheetAnimation.h */,
				5434CE3E21C7E2E800178D31 /* UkeActionSheetAnimation.m */,
				54B6364F21D23F190059F2A9 /* UkeAlertBaseAnimation.h */,
				54B6365021D23F190059F2A9 /* UkeAlertBaseAnimation.m */,
			);
			path = Animation;
			sourceTree = "<group>";
		};
		5434CE4121C7E2E800178D31 /* Controller */ = {
			isa = PBXGroup;
			children = (
				5434CE4321C7E2E800178D31 /* UkePopUpViewController.h */,
				5434CE4221C7E2E800178D31 /* UkePopUpViewController.m */,
			);
			path = Controller;
			sourceTree = "<group>";
		};
		549FC7D121C39BCE00619693 = {
			isa = PBXGroup;
			children = (
				541790F821C7464F000D5F7B /* Resource */,
				549FC7DC21C39BCE00619693 /* TestModalViewController */,
				549FC7F521C39BD000619693 /* TestModalViewControllerTests */,
				549FC80021C39BD000619693 /* TestModalViewControllerUITests */,
				549FC7DB21C39BCE00619693 /* Products */,
				6E4655D59C802EF6613026DB /* Pods */,
				5137716D7A4ED1661796062F /* Frameworks */,
			);
			sourceTree = "<group>";
		};
		549FC7DB21C39BCE00619693 /* Products */ = {
			isa = PBXGroup;
			children = (
				549FC7DA21C39BCE00619693 /* TestModalViewController.app */,
				549FC7F221C39BD000619693 /* TestModalViewControllerTests.xctest */,
				549FC7FD21C39BD000619693 /* TestModalViewControllerUITests.xctest */,
			);
			name = Products;
			sourceTree = "<group>";
		};
		549FC7DC21C39BCE00619693 /* TestModalViewController */ = {
			isa = PBXGroup;
			children = (
				549FC7DD21C39BCE00619693 /* AppDelegate.h */,
				549FC7DE21C39BCE00619693 /* AppDelegate.m */,
				549FC7E021C39BCE00619693 /* ViewController.h */,
				549FC7E121C39BCE00619693 /* ViewController.m */,
				54B6365221D256D70059F2A9 /* ViewController2.h */,
				54B6365321D256D70059F2A9 /* ViewController2.m */,
				545C319421D4D6EE00B20236 /* UIView+CornerRadius.h */,
				545C319321D4D6EE00B20236 /* UIView+CornerRadius.m */,
				549FC7E321C39BCE00619693 /* Main.storyboard */,
				549FC7E621C39BD000619693 /* Assets.xcassets */,
				549FC7E821C39BD000619693 /* LaunchScreen.storyboard */,
				549FC7EB21C39BD000619693 /* Info.plist */,
				549FC7EC21C39BD000619693 /* main.m */,
			);
			path = TestModalViewController;
			sourceTree = "<group>";
		};
		549FC7F521C39BD000619693 /* TestModalViewControllerTests */ = {
			isa = PBXGroup;
			children = (
				549FC7F621C39BD000619693 /* TestModalViewControllerTests.m */,
				549FC7F821C39BD000619693 /* Info.plist */,
			);
			path = TestModalViewControllerTests;
			sourceTree = "<group>";
		};
		549FC80021C39BD000619693 /* TestModalViewControllerUITests */ = {
			isa = PBXGroup;
			children = (
				549FC80121C39BD000619693 /* TestModalViewControllerUITests.m */,
				549FC80321C39BD000619693 /* Info.plist */,
			);
			path = TestModalViewControllerUITests;
			sourceTree = "<group>";
		};
		54B28D6C21CDD43A00335FD9 /* Alert */ = {
			isa = PBXGroup;
			children = (
				54B28D7D21CDDD1F00335FD9 /* UkeAlertContentView.h */,
				54B28D7E21CDDD1F00335FD9 /* UkeAlertContentView.m */,
				54B28D7021CDD43B00335FD9 /* UkeAlertHeaderView.h */,
				54B28D6E21CDD43B00335FD9 /* UkeAlertHeaderView.m */,
				54B28D6F21CDD43B00335FD9 /* UkeAlertActionGroupView.h */,
				54B28D6D21CDD43A00335FD9 /* UkeAlertActionGroupView.m */,
			);
			path = Alert;
			sourceTree = "<group>";
		};
		54B28D7121CDD43B00335FD9 /* Sheet */ = {
			isa = PBXGroup;
			children = (
				54B28D8021CDDD4200335FD9 /* UkeSheetContentView.h */,
				54B28D8121CDDD4200335FD9 /* UkeSheetContentView.m */,
				54B28D7221CDD43B00335FD9 /* UkeSheetHeaderView.h */,
				54B28D7321CDD43B00335FD9 /* UkeSheetHeaderView.m */,
				54B28D7A21CDD53600335FD9 /* UkeSheetActionGroupView.h */,
				54B28D7B21CDD53600335FD9 /* UkeSheetActionGroupView.m */,
			);
			path = Sheet;
			sourceTree = "<group>";
		};
		6E4655D59C802EF6613026DB /* Pods */ = {
			isa = PBXGroup;
			children = (
				E66E4CA7D6B7452954F053F4 /* Pods-TestModalViewController.debug.xcconfig */,
				0004F1E308EB957B32AE1430 /* Pods-TestModalViewController.release.xcconfig */,
			);
			name = Pods;
			sourceTree = "<group>";
		};
/* End PBXGroup section */

/* Begin PBXNativeTarget section */
		549FC7D921C39BCE00619693 /* TestModalViewController */ = {
			isa = PBXNativeTarget;
			buildConfigurationList = 549FC80621C39BD000619693 /* Build configuration list for PBXNativeTarget "TestModalViewController" */;
			buildPhases = (
				5C4B1D358E81FE13F48C5A86 /* [CP] Check Pods Manifest.lock */,
				549FC7D621C39BCE00619693 /* Sources */,
				549FC7D721C39BCE00619693 /* Frameworks */,
				549FC7D821C39BCE00619693 /* Resources */,
				79FE7BBCAB7D92CE4DC48DFF /* [CP] Embed Pods Frameworks */,
			);
			buildRules = (
			);
			dependencies = (
			);
			name = TestModalViewController;
			productName = TestModalViewController;
			productReference = 549FC7DA21C39BCE00619693 /* TestModalViewController.app */;
			productType = "com.apple.product-type.application";
		};
		549FC7F121C39BD000619693 /* TestModalViewControllerTests */ = {
			isa = PBXNativeTarget;
			buildConfigurationList = 549FC80921C39BD000619693 /* Build configuration list for PBXNativeTarget "TestModalViewControllerTests" */;
			buildPhases = (
				549FC7EE21C39BD000619693 /* Sources */,
				549FC7EF21C39BD000619693 /* Frameworks */,
				549FC7F021C39BD000619693 /* Resources */,
			);
			buildRules = (
			);
			dependencies = (
				549FC7F421C39BD000619693 /* PBXTargetDependency */,
			);
			name = TestModalViewControllerTests;
			productName = TestModalViewControllerTests;
			productReference = 549FC7F221C39BD000619693 /* TestModalViewControllerTests.xctest */;
			productType = "com.apple.product-type.bundle.unit-test";
		};
		549FC7FC21C39BD000619693 /* TestModalViewControllerUITests */ = {
			isa = PBXNativeTarget;
			buildConfigurationList = 549FC80C21C39BD000619693 /* Build configuration list for PBXNativeTarget "TestModalViewControllerUITests" */;
			buildPhases = (
				549FC7F921C39BD000619693 /* Sources */,
				549FC7FA21C39BD000619693 /* Frameworks */,
				549FC7FB21C39BD000619693 /* Resources */,
			);
			buildRules = (
			);
			dependencies = (
				549FC7FF21C39BD000619693 /* PBXTargetDependency */,
			);
			name = TestModalViewControllerUITests;
			productName = TestModalViewControllerUITests;
			productReference = 549FC7FD21C39BD000619693 /* TestModalViewControllerUITests.xctest */;
			productType = "com.apple.product-type.bundle.ui-testing";
		};
/* End PBXNativeTarget section */

/* Begin PBXProject section */
		549FC7D221C39BCE00619693 /* Project object */ = {
			isa = PBXProject;
			attributes = {
				LastUpgradeCheck = 1010;
				ORGANIZATIONNAME = liqian;
				TargetAttributes = {
					549FC7D921C39BCE00619693 = {
						CreatedOnToolsVersion = 10.1;
					};
					549FC7F121C39BD000619693 = {
						CreatedOnToolsVersion = 10.1;
						TestTargetID = 549FC7D921C39BCE00619693;
					};
					549FC7FC21C39BD000619693 = {
						CreatedOnToolsVersion = 10.1;
						TestTargetID = 549FC7D921C39BCE00619693;
					};
				};
			};
			buildConfigurationList = 549FC7D521C39BCE00619693 /* Build configuration list for PBXProject "TestModalViewController" */;
			compatibilityVersion = "Xcode 9.3";
			developmentRegion = en;
			hasScannedForEncodings = 0;
			knownRegions = (
				en,
				Base,
			);
			mainGroup = 549FC7D121C39BCE00619693;
			productRefGroup = 549FC7DB21C39BCE00619693 /* Products */;
			projectDirPath = "";
			projectRoot = "";
			targets = (
				549FC7D921C39BCE00619693 /* TestModalViewController */,
				549FC7F121C39BD000619693 /* TestModalViewControllerTests */,
				549FC7FC21C39BD000619693 /* TestModalViewControllerUITests */,
			);
		};
/* End PBXProject section */

/* Begin PBXResourcesBuildPhase section */
		549FC7D821C39BCE00619693 /* Resources */ = {
			isa = PBXResourcesBuildPhase;
			buildActionMask = 2147483647;
			files = (
				549FC7EA21C39BD000619693 /* LaunchScreen.storyboard in Resources */,
				549FC7E721C39BD000619693 /* Assets.xcassets in Resources */,
				549FC7E521C39BCE00619693 /* Main.storyboard in Resources */,
			);
			runOnlyForDeploymentPostprocessing = 0;
		};
		549FC7F021C39BD000619693 /* Resources */ = {
			isa = PBXResourcesBuildPhase;
			buildActionMask = 2147483647;
			files = (
			);
			runOnlyForDeploymentPostprocessing = 0;
		};
		549FC7FB21C39BD000619693 /* Resources */ = {
			isa = PBXResourcesBuildPhase;
			buildActionMask = 2147483647;
			files = (
			);
			runOnlyForDeploymentPostprocessing = 0;
		};
/* End PBXResourcesBuildPhase section */

/* Begin PBXShellScriptBuildPhase section */
		5C4B1D358E81FE13F48C5A86 /* [CP] Check Pods Manifest.lock */ = {
			isa = PBXShellScriptBuildPhase;
			buildActionMask = 2147483647;
			files = (
			);
			inputPaths = (
				"${PODS_PODFILE_DIR_PATH}/Podfile.lock",
				"${PODS_ROOT}/Manifest.lock",
			);
			name = "[CP] Check Pods Manifest.lock";
			outputPaths = (
				"$(DERIVED_FILE_DIR)/Pods-TestModalViewController-checkManifestLockResult.txt",
			);
			runOnlyForDeploymentPostprocessing = 0;
			shellPath = /bin/sh;
			shellScript = "diff \"${PODS_PODFILE_DIR_PATH}/Podfile.lock\" \"${PODS_ROOT}/Manifest.lock\" > /dev/null\nif [ $? != 0 ] ; then\n    # print error to STDERR\n    echo \"error: The sandbox is not in sync with the Podfile.lock. Run 'pod install' or update your CocoaPods installation.\" >&2\n    exit 1\nfi\n# This output is used by Xcode 'outputs' to avoid re-running this script phase.\necho \"SUCCESS\" > \"${SCRIPT_OUTPUT_FILE_0}\"\n";
			showEnvVarsInLog = 0;
		};
		79FE7BBCAB7D92CE4DC48DFF /* [CP] Embed Pods Frameworks */ = {
			isa = PBXShellScriptBuildPhase;
			buildActionMask = 2147483647;
			files = (
			);
			inputPaths = (
				"${SRCROOT}/Pods/Target Support Files/Pods-TestModalViewController/Pods-TestModalViewController-frameworks.sh",
				"${BUILT_PRODUCTS_DIR}/Masonry/Masonry.framework",
			);
			name = "[CP] Embed Pods Frameworks";
			outputPaths = (
				"${TARGET_BUILD_DIR}/${FRAMEWORKS_FOLDER_PATH}/Masonry.framework",
			);
			runOnlyForDeploymentPostprocessing = 0;
			shellPath = /bin/sh;
			shellScript = "\"${SRCROOT}/Pods/Target Support Files/Pods-TestModalViewController/Pods-TestModalViewController-frameworks.sh\"\n";
			showEnvVarsInLog = 0;
		};
/* End PBXShellScriptBuildPhase section */

/* Begin PBXSourcesBuildPhase section */
		549FC7D621C39BCE00619693 /* Sources */ = {
			isa = PBXSourcesBuildPhase;
			buildActionMask = 2147483647;
			files = (
				5434CE4421C7E2E800178D31 /* UkeAlertStyleAnimation.m in Sources */,
				54094F3821EC63B700EBE647 /* NSParagraphStyle+Shortcut.m in Sources */,
				549FC7E221C39BCE00619693 /* ViewController.m in Sources */,
				5417911121C7BAE8000D5F7B /* UkeAlertController.m in Sources */,
				54B28D8221CDDD4200335FD9 /* UkeSheetContentView.m in Sources */,
				545C319521D4D6EF00B20236 /* UIView+CornerRadius.m in Sources */,
				5434CE4621C7E2E800178D31 /* UkePopUpViewController.m in Sources */,
				54B6364721D0DE010059F2A9 /* UkeAlertCustomizeHeaderView.m in Sources */,
				54B28D7621CDD43B00335FD9 /* UkeSheetHeaderView.m in Sources */,
				549FC7ED21C39BD000619693 /* main.m in Sources */,
				54B28D7C21CDD53600335FD9 /* UkeSheetActionGroupView.m in Sources */,
				5434CE4521C7E2E800178D31 /* UkeActionSheetAnimation.m in Sources */,
				549FC7DF21C39BCE00619693 /* AppDelegate.m in Sources */,
				5417911E21C8ECA5000D5F7B /* UkeAlertActionButton.m in Sources */,
				54B28D7521CDD43B00335FD9 /* UkeAlertHeaderView.m in Sources */,
				54094F3B21EC63D200EBE647 /* UkeAlertPresentingViewController.m in Sources */,
				54B28D7F21CDDD1F00335FD9 /* UkeAlertContentView.m in Sources */,
				54094F4121EC72A200EBE647 /* UkeAlertSingleton.m in Sources */,
				54B28D7421CDD43B00335FD9 /* UkeAlertActionGroupView.m in Sources */,
				54B6365421D256D70059F2A9 /* ViewController2.m in Sources */,
				5417911821C899D8000D5F7B /* UkeAlertAction.m in Sources */,
				54B6365121D23F190059F2A9 /* UkeAlertBaseAnimation.m in Sources */,
			);
			runOnlyForDeploymentPostprocessing = 0;
		};
		549FC7EE21C39BD000619693 /* Sources */ = {
			isa = PBXSourcesBuildPhase;
			buildActionMask = 2147483647;
			files = (
				549FC7F721C39BD000619693 /* TestModalViewControllerTests.m in Sources */,
			);
			runOnlyForDeploymentPostprocessing = 0;
		};
		549FC7F921C39BD000619693 /* Sources */ = {
			isa = PBXSourcesBuildPhase;
			buildActionMask = 2147483647;
			files = (
				549FC80221C39BD000619693 /* TestModalViewControllerUITests.m in Sources */,
			);
			runOnlyForDeploymentPostprocessing = 0;
		};
/* End PBXSourcesBuildPhase section */

/* Begin PBXTargetDependency section */
		549FC7F421C39BD000619693 /* PBXTargetDependency */ = {
			isa = PBXTargetDependency;
			target = 549FC7D921C39BCE00619693 /* TestModalViewController */;
			targetProxy = 549FC7F321C39BD000619693 /* PBXContainerItemProxy */;
		};
		549FC7FF21C39BD000619693 /* PBXTargetDependency */ = {
			isa = PBXTargetDependency;
			target = 549FC7D921C39BCE00619693 /* TestModalViewController */;
			targetProxy = 549FC7FE21C39BD000619693 /* PBXContainerItemProxy */;
		};
/* End PBXTargetDependency section */

/* Begin PBXVariantGroup section */
		549FC7E321C39BCE00619693 /* Main.storyboard */ = {
			isa = PBXVariantGroup;
			children = (
				549FC7E421C39BCE00619693 /* Base */,
			);
			name = Main.storyboard;
			sourceTree = "<group>";
		};
		549FC7E821C39BD000619693 /* LaunchScreen.storyboard */ = {
			isa = PBXVariantGroup;
			children = (
				549FC7E921C39BD000619693 /* Base */,
			);
			name = LaunchScreen.storyboard;
			sourceTree = "<group>";
		};
/* End PBXVariantGroup section */

/* Begin XCBuildConfiguration section */
		549FC80421C39BD000619693 /* Debug */ = {
			isa = XCBuildConfiguration;
			buildSettings = {
				ALWAYS_SEARCH_USER_PATHS = NO;
				CLANG_ANALYZER_NONNULL = YES;
				CLANG_ANALYZER_NUMBER_OBJECT_CONVERSION = YES_AGGRESSIVE;
				CLANG_CXX_LANGUAGE_STANDARD = "gnu++14";
				CLANG_CXX_LIBRARY = "libc++";
				CLANG_ENABLE_MODULES = YES;
				CLANG_ENABLE_OBJC_ARC = YES;
				CLANG_ENABLE_OBJC_WEAK = YES;
				CLANG_WARN_BLOCK_CAPTURE_AUTORELEASING = YES;
				CLANG_WARN_BOOL_CONVERSION = YES;
				CLANG_WARN_COMMA = YES;
				CLANG_WARN_CONSTANT_CONVERSION = YES;
				CLANG_WARN_DEPRECATED_OBJC_IMPLEMENTATIONS = YES;
				CLANG_WARN_DIRECT_OBJC_ISA_USAGE = YES_ERROR;
				CLANG_WARN_DOCUMENTATION_COMMENTS = YES;
				CLANG_WARN_EMPTY_BODY = YES;
				CLANG_WARN_ENUM_CONVERSION = YES;
				CLANG_WARN_INFINITE_RECURSION = YES;
				CLANG_WARN_INT_CONVERSION = YES;
				CLANG_WARN_NON_LITERAL_NULL_CONVERSION = YES;
				CLANG_WARN_OBJC_IMPLICIT_RETAIN_SELF = YES;
				CLANG_WARN_OBJC_LITERAL_CONVERSION = YES;
				CLANG_WARN_OBJC_ROOT_CLASS = YES_ERROR;
				CLANG_WARN_RANGE_LOOP_ANALYSIS = YES;
				CLANG_WARN_STRICT_PROTOTYPES = YES;
				CLANG_WARN_SUSPICIOUS_MOVE = YES;
				CLANG_WARN_UNGUARDED_AVAILABILITY = YES_AGGRESSIVE;
				CLANG_WARN_UNREACHABLE_CODE = YES;
				CLANG_WARN__DUPLICATE_METHOD_MATCH = YES;
				CODE_SIGN_IDENTITY = "iPhone Developer";
				COPY_PHASE_STRIP = NO;
				DEBUG_INFORMATION_FORMAT = dwarf;
				ENABLE_STRICT_OBJC_MSGSEND = YES;
				ENABLE_TESTABILITY = YES;
				GCC_C_LANGUAGE_STANDARD = gnu11;
				GCC_DYNAMIC_NO_PIC = NO;
				GCC_NO_COMMON_BLOCKS = YES;
				GCC_OPTIMIZATION_LEVEL = 0;
				GCC_PREPROCESSOR_DEFINITIONS = (
					"DEBUG=1",
					"$(inherited)",
				);
				GCC_WARN_64_TO_32_BIT_CONVERSION = YES;
				GCC_WARN_ABOUT_RETURN_TYPE = YES_ERROR;
				GCC_WARN_UNDECLARED_SELECTOR = YES;
				GCC_WARN_UNINITIALIZED_AUTOS = YES_AGGRESSIVE;
				GCC_WARN_UNUSED_FUNCTION = YES;
				GCC_WARN_UNUSED_VARIABLE = YES;
				IPHONEOS_DEPLOYMENT_TARGET = 12.1;
				MTL_ENABLE_DEBUG_INFO = INCLUDE_SOURCE;
				MTL_FAST_MATH = YES;
				ONLY_ACTIVE_ARCH = YES;
				SDKROOT = iphoneos;
			};
			name = Debug;
		};
		549FC80521C39BD000619693 /* Release */ = {
			isa = XCBuildConfiguration;
			buildSettings = {
				ALWAYS_SEARCH_USER_PATHS = NO;
				CLANG_ANALYZER_NONNULL = YES;
				CLANG_ANALYZER_NUMBER_OBJECT_CONVERSION = YES_AGGRESSIVE;
				CLANG_CXX_LANGUAGE_STANDARD = "gnu++14";
				CLANG_CXX_LIBRARY = "libc++";
				CLANG_ENABLE_MODULES = YES;
				CLANG_ENABLE_OBJC_ARC = YES;
				CLANG_ENABLE_OBJC_WEAK = YES;
				CLANG_WARN_BLOCK_CAPTURE_AUTORELEASING = YES;
				CLANG_WARN_BOOL_CONVERSION = YES;
				CLANG_WARN_COMMA = YES;
				CLANG_WARN_CONSTANT_CONVERSION = YES;
				CLANG_WARN_DEPRECATED_OBJC_IMPLEMENTATIONS = YES;
				CLANG_WARN_DIRECT_OBJC_ISA_USAGE = YES_ERROR;
				CLANG_WARN_DOCUMENTATION_COMMENTS = YES;
				CLANG_WARN_EMPTY_BODY = YES;
				CLANG_WARN_ENUM_CONVERSION = YES;
				CLANG_WARN_INFINITE_RECURSION = YES;
				CLANG_WARN_INT_CONVERSION = YES;
				CLANG_WARN_NON_LITERAL_NULL_CONVERSION = YES;
				CLANG_WARN_OBJC_IMPLICIT_RETAIN_SELF = YES;
				CLANG_WARN_OBJC_LITERAL_CONVERSION = YES;
				CLANG_WARN_OBJC_ROOT_CLASS = YES_ERROR;
				CLANG_WARN_RANGE_LOOP_ANALYSIS = YES;
				CLANG_WARN_STRICT_PROTOTYPES = YES;
				CLANG_WARN_SUSPICIOUS_MOVE = YES;
				CLANG_WARN_UNGUARDED_AVAILABILITY = YES_AGGRESSIVE;
				CLANG_WARN_UNREACHABLE_CODE = YES;
				CLANG_WARN__DUPLICATE_METHOD_MATCH = YES;
				CODE_SIGN_IDENTITY = "iPhone Developer";
				COPY_PHASE_STRIP = NO;
				DEBUG_INFORMATION_FORMAT = "dwarf-with-dsym";
				ENABLE_NS_ASSERTIONS = NO;
				ENABLE_STRICT_OBJC_MSGSEND = YES;
				GCC_C_LANGUAGE_STANDARD = gnu11;
				GCC_NO_COMMON_BLOCKS = YES;
				GCC_WARN_64_TO_32_BIT_CONVERSION = YES;
				GCC_WARN_ABOUT_RETURN_TYPE = YES_ERROR;
				GCC_WARN_UNDECLARED_SELECTOR = YES;
				GCC_WARN_UNINITIALIZED_AUTOS = YES_AGGRESSIVE;
				GCC_WARN_UNUSED_FUNCTION = YES;
				GCC_WARN_UNUSED_VARIABLE = YES;
				IPHONEOS_DEPLOYMENT_TARGET = 12.1;
				MTL_ENABLE_DEBUG_INFO = NO;
				MTL_FAST_MATH = YES;
				SDKROOT = iphoneos;
				VALIDATE_PRODUCT = YES;
			};
			name = Release;
		};
		549FC80721C39BD000619693 /* Debug */ = {
			isa = XCBuildConfiguration;
			baseConfigurationReference = E66E4CA7D6B7452954F053F4 /* Pods-TestModalViewController.debug.xcconfig */;
			buildSettings = {
				ASSETCATALOG_COMPILER_APPICON_NAME = AppIcon;
				CODE_SIGN_STYLE = Automatic;
				DEVELOPMENT_TEAM = 49VYEW5CMM;
				INFOPLIST_FILE = TestModalViewController/Info.plist;
				IPHONEOS_DEPLOYMENT_TARGET = 9.0;
				LD_RUNPATH_SEARCH_PATHS = (
					"$(inherited)",
					"@executable_path/Frameworks",
				);
				PRODUCT_BUNDLE_IDENTIFIER = com.liqian.TestModalViewController;
				PRODUCT_NAME = "$(TARGET_NAME)";
				TARGETED_DEVICE_FAMILY = "1,2";
			};
			name = Debug;
		};
		549FC80821C39BD000619693 /* Release */ = {
			isa = XCBuildConfiguration;
			baseConfigurationReference = 0004F1E308EB957B32AE1430 /* Pods-TestModalViewController.release.xcconfig */;
			buildSettings = {
				ASSETCATALOG_COMPILER_APPICON_NAME = AppIcon;
				CODE_SIGN_STYLE = Automatic;
				DEVELOPMENT_TEAM = 49VYEW5CMM;
				INFOPLIST_FILE = TestModalViewController/Info.plist;
				IPHONEOS_DEPLOYMENT_TARGET = 9.0;
				LD_RUNPATH_SEARCH_PATHS = (
					"$(inherited)",
					"@executable_path/Frameworks",
				);
				PRODUCT_BUNDLE_IDENTIFIER = com.liqian.TestModalViewController;
				PRODUCT_NAME = "$(TARGET_NAME)";
				TARGETED_DEVICE_FAMILY = "1,2";
			};
			name = Release;
		};
		549FC80A21C39BD000619693 /* Debug */ = {
			isa = XCBuildConfiguration;
			buildSettings = {
				BUNDLE_LOADER = "$(TEST_HOST)";
				CODE_SIGN_STYLE = Automatic;
				DEVELOPMENT_TEAM = 49VYEW5CMM;
				INFOPLIST_FILE = TestModalViewControllerTests/Info.plist;
				LD_RUNPATH_SEARCH_PATHS = (
					"$(inherited)",
					"@executable_path/Frameworks",
					"@loader_path/Frameworks",
				);
				PRODUCT_BUNDLE_IDENTIFIER = com.liqian.TestModalViewControllerTests;
				PRODUCT_NAME = "$(TARGET_NAME)";
				TARGETED_DEVICE_FAMILY = "1,2";
				TEST_HOST = "$(BUILT_PRODUCTS_DIR)/TestModalViewController.app/TestModalViewController";
			};
			name = Debug;
		};
		549FC80B21C39BD000619693 /* Release */ = {
			isa = XCBuildConfiguration;
			buildSettings = {
				BUNDLE_LOADER = "$(TEST_HOST)";
				CODE_SIGN_STYLE = Automatic;
				DEVELOPMENT_TEAM = 49VYEW5CMM;
				INFOPLIST_FILE = TestModalViewControllerTests/Info.plist;
				LD_RUNPATH_SEARCH_PATHS = (
					"$(inherited)",
					"@executable_path/Frameworks",
					"@loader_path/Frameworks",
				);
				PRODUCT_BUNDLE_IDENTIFIER = com.liqian.TestModalViewControllerTests;
				PRODUCT_NAME = "$(TARGET_NAME)";
				TARGETED_DEVICE_FAMILY = "1,2";
				TEST_HOST = "$(BUILT_PRODUCTS_DIR)/TestModalViewController.app/TestModalViewController";
			};
			name = Release;
		};
		549FC80D21C39BD000619693 /* Debug */ = {
			isa = XCBuildConfiguration;
			buildSettings = {
				CODE_SIGN_STYLE = Automatic;
				DEVELOPMENT_TEAM = 49VYEW5CMM;
				INFOPLIST_FILE = TestModalViewControllerUITests/Info.plist;
				LD_RUNPATH_SEARCH_PATHS = (
					"$(inherited)",
					"@executable_path/Frameworks",
					"@loader_path/Frameworks",
				);
				PRODUCT_BUNDLE_IDENTIFIER = com.liqian.TestModalViewControllerUITests;
				PRODUCT_NAME = "$(TARGET_NAME)";
				TARGETED_DEVICE_FAMILY = "1,2";
				TEST_TARGET_NAME = TestModalViewController;
			};
			name = Debug;
		};
		549FC80E21C39BD000619693 /* Release */ = {
			isa = XCBuildConfiguration;
			buildSettings = {
				CODE_SIGN_STYLE = Automatic;
				DEVELOPMENT_TEAM = 49VYEW5CMM;
				INFOPLIST_FILE = TestModalViewControllerUITests/Info.plist;
				LD_RUNPATH_SEARCH_PATHS = (
					"$(inherited)",
					"@executable_path/Frameworks",
					"@loader_path/Frameworks",
				);
				PRODUCT_BUNDLE_IDENTIFIER = com.liqian.TestModalViewControllerUITests;
				PRODUCT_NAME = "$(TARGET_NAME)";
				TARGETED_DEVICE_FAMILY = "1,2";
				TEST_TARGET_NAME = TestModalViewController;
			};
			name = Release;
		};
/* End XCBuildConfiguration section */

/* Begin XCConfigurationList section */
		549FC7D521C39BCE00619693 /* Build configuration list for PBXProject "TestModalViewController" */ = {
			isa = XCConfigurationList;
			buildConfigurations = (
				549FC80421C39BD000619693 /* Debug */,
				549FC80521C39BD000619693 /* Release */,
			);
			defaultConfigurationIsVisible = 0;
			defaultConfigurationName = Release;
		};
		549FC80621C39BD000619693 /* Build configuration list for PBXNativeTarget "TestModalViewController" */ = {
			isa = XCConfigurationList;
			buildConfigurations = (
				549FC80721C39BD000619693 /* Debug */,
				549FC80821C39BD000619693 /* Release */,
			);
			defaultConfigurationIsVisible = 0;
			defaultConfigurationName = Release;
		};
		549FC80921C39BD000619693 /* Build configuration list for PBXNativeTarget "TestModalViewControllerTests" */ = {
			isa = XCConfigurationList;
			buildConfigurations = (
				549FC80A21C39BD000619693 /* Debug */,
				549FC80B21C39BD000619693 /* Release */,
			);
			defaultConfigurationIsVisible = 0;
			defaultConfigurationName = Release;
		};
		549FC80C21C39BD000619693 /* Build configuration list for PBXNativeTarget "TestModalViewControllerUITests" */ = {
			isa = XCConfigurationList;
			buildConfigurations = (
				549FC80D21C39BD000619693 /* Debug */,
				549FC80E21C39BD000619693 /* Release */,
			);
			defaultConfigurationIsVisible = 0;
			defaultConfigurationName = Release;
		};
/* End XCConfigurationList section */
	};
	rootObject = 549FC7D221C39BCE00619693 /* Project object */;
}
